# THIS IS AN AUTOGENERATED FILE. DO NOT EDIT THIS FILE DIRECTLY.
# yarn lockfile v1


bootstrap@4:
  version "4.6.0"
  resolved "https://registry.yarnpkg.com/bootstrap/-/bootstrap-4.6.0.tgz#97b9f29ac98f98dfa43bf7468262d84392552fd7"
  integrity sha512-Io55IuQY3kydzHtbGvQya3H+KorS/M9rSNyfCGCg9WZ4pyT/lCxIlpJgG1GXW/PswzC84Tr2fBYi+7+jFVQQBw==

jquery@>2.1.4, jquery@^3.6.0:
  version "3.6.0"
  resolved "https://registry.yarnpkg.com/jquery/-/jquery-3.6.0.tgz#c72a09f15c1bdce142f49dbf1170bdf8adac2470"
  integrity sha512-JVzAR/AjBvVt2BmYhxRCSYysDsPcssdmTFnzyLEts9qNwmjmu4JTAMYubEfwVOSwpQ1I1sKKFcxhZCI2buerfw==

readmore-js@^2.2.1:
  version "2.2.1"
  resolved "https://registry.yarnpkg.com/readmore-js/-/readmore-js-2.2.1.tgz#ab75036c8a47b6ffa2d3d14cd527c7f479edc117"
  integrity sha512-hbPP0nQpYYkAywCEZ8ozHivvhWyHic37KJ2IXrHES4qzjp0+nmw8R33MeyMAtXBZfXX4Es8cpd5JBVf9qj47+Q==
  dependencies:
    jquery ">2.1.4"
